
Microsoft Visual Studio Solution File, Format Version 12.00
# Visual Studio Version 17
VisualStudioVersion = 17.2.32616.157
MinimumVisualStudioVersion = 10.0.40219.1
Project("{9A19103F-16F7-4668-BE54-9A1E7A4F7556}") = "AuthAuthMicroService", "AuthAuthMicroService\AuthAuthMicroService.csproj", "{79C1AFF3-D940-4C16-B657-BB89E98DBD0A}"
EndProject
Project("{9A19103F-16F7-4668-BE54-9A1E7A4F7556}") = "AuthAuthDomainModel", "AuthAuthDomainModel\AuthAuthDomainModel.csproj", "{DC292A7B-58C1-4D7D-92FB-4FBFF1DF4945}"
EndProject
Project("{9A19103F-16F7-4668-BE54-9A1E7A4F7556}") = "Testing", "Testing\Testing.csproj", "{AFA5EC28-7F34-43B6-A52B-05D3803561E2}"
EndProject
Project("{9A19103F-16F7-4668-BE54-9A1E7A4F7556}") = "AuthAuthDomaineService", "AuthAuthDomaineService\AuthAuthDomaineService.csproj", "{C4A326AA-5D85-4064-B6F1-BF56B5BB8AA2}"
EndProject
Project("{2150E333-8FDC-42A3-9474-1A3956D46DE8}") = "Éléments de solution", "Éléments de solution", "{8939ED53-A250-451F-9A65-4EB9AD3CDF63}"
	ProjectSection(SolutionItems) = preProject
		Readme.md = Readme.md
	EndProjectSection
EndProject
Project("{9A19103F-16F7-4668-BE54-9A1E7A4F7556}") = "AuthAuthApplicationServices", "AuthAuthApplicationServices\AuthAuthApplicationServices.csproj", "{58781A1F-E11F-4716-A20B-2F7E7E1B7D4F}"
EndProject
Project("{9A19103F-16F7-4668-BE54-9A1E7A4F7556}") = "AuthAuthInfrastructure", "AuthAuthInfrastructure\AuthAuthInfrastructure.csproj", "{A5C6E9B3-AE15-449B-9656-3DF00542854B}"
EndProject
Project("{9A19103F-16F7-4668-BE54-9A1E7A4F7556}") = "AuthAuthInnerSmtp", "AuthAuthOutsideSmtp\AuthAuthInnerSmtp.csproj", "{996C7ACD-F44F-402B-A864-575CFAC5B296}"
EndProject
Global
	GlobalSection(SolutionConfigurationPlatforms) = preSolution
		Debug|Any CPU = Debug|Any CPU
		Release|Any CPU = Release|Any CPU
	EndGlobalSection
	GlobalSection(ProjectConfigurationPlatforms) = postSolution
		{79C1AFF3-D940-4C16-B657-BB89E98DBD0A}.Debug|Any CPU.ActiveCfg = Debug|Any CPU
		{79C1AFF3-D940-4C16-B657-BB89E98DBD0A}.Debug|Any CPU.Build.0 = Debug|Any CPU
		{79C1AFF3-D940-4C16-B657-BB89E98DBD0A}.Release|Any CPU.ActiveCfg = Release|Any CPU
		{79C1AFF3-D940-4C16-B657-BB89E98DBD0A}.Release|Any CPU.Build.0 = Release|Any CPU
		{DC292A7B-58C1-4D7D-92FB-4FBFF1DF4945}.Debug|Any CPU.ActiveCfg = Debug|Any CPU
		{DC292A7B-58C1-4D7D-92FB-4FBFF1DF4945}.Debug|Any CPU.Build.0 = Debug|Any CPU
		{DC292A7B-58C1-4D7D-92FB-4FBFF1DF4945}.Release|Any CPU.ActiveCfg = Release|Any CPU
		{DC292A7B-58C1-4D7D-92FB-4FBFF1DF4945}.Release|Any CPU.Build.0 = Release|Any CPU
		{AFA5EC28-7F34-43B6-A52B-05D3803561E2}.Debug|Any CPU.ActiveCfg = Debug|Any CPU
		{AFA5EC28-7F34-43B6-A52B-05D3803561E2}.Debug|Any CPU.Build.0 = Debug|Any CPU
		{AFA5EC28-7F34-43B6-A52B-05D3803561E2}.Release|Any CPU.ActiveCfg = Release|Any CPU
		{AFA5EC28-7F34-43B6-A52B-05D3803561E2}.Release|Any CPU.Build.0 = Release|Any CPU
		{C4A326AA-5D85-4064-B6F1-BF56B5BB8AA2}.Debug|Any CPU.ActiveCfg = Debug|Any CPU
		{C4A326AA-5D85-4064-B6F1-BF56B5BB8AA2}.Debug|Any CPU.Build.0 = Debug|Any CPU
		{C4A326AA-5D85-4064-B6F1-BF56B5BB8AA2}.Release|Any CPU.ActiveCfg = Release|Any CPU
		{C4A326AA-5D85-4064-B6F1-BF56B5BB8AA2}.Release|Any CPU.Build.0 = Release|Any CPU
		{58781A1F-E11F-4716-A20B-2F7E7E1B7D4F}.Debug|Any CPU.ActiveCfg = Debug|Any CPU
		{58781A1F-E11F-4716-A20B-2F7E7E1B7D4F}.Debug|Any CPU.Build.0 = Debug|Any CPU
		{58781A1F-E11F-4716-A20B-2F7E7E1B7D4F}.Release|Any CPU.ActiveCfg = Release|Any CPU
		{58781A1F-E11F-4716-A20B-2F7E7E1B7D4F}.Release|Any CPU.Build.0 = Release|Any CPU
		{A5C6E9B3-AE15-449B-9656-3DF00542854B}.Debug|Any CPU.ActiveCfg = Debug|Any CPU
		{A5C6E9B3-AE15-449B-9656-3DF00542854B}.Debug|Any CPU.Build.0 = Debug|Any CPU
		{A5C6E9B3-AE15-449B-9656-3DF00542854B}.Release|Any CPU.ActiveCfg = Release|Any CPU
		{A5C6E9B3-AE15-449B-9656-3DF00542854B}.Release|Any CPU.Build.0 = Release|Any CPU
		{996C7ACD-F44F-402B-A864-575CFAC5B296}.Debug|Any CPU.ActiveCfg = Debug|Any CPU
		{996C7ACD-F44F-402B-A864-575CFAC5B296}.Debug|Any CPU.Build.0 = Debug|Any CPU
		{996C7ACD-F44F-402B-A864-575CFAC5B296}.Release|Any CPU.ActiveCfg = Release|Any CPU
		{996C7ACD-F44F-402B-A864-575CFAC5B296}.Release|Any CPU.Build.0 = Release|Any CPU
	EndGlobalSection
	GlobalSection(SolutionProperties) = preSolution
		HideSolutionNode = FALSE
	EndGlobalSection
	GlobalSection(ExtensibilityGlobals) = postSolution
		SolutionGuid = {ECB4E92B-E2B9-4C36-B690-F3EB47F5ED16}
	EndGlobalSection
EndGlobal
